{
  "requires": true,
  "lockfileVersion": 1,
  "dependencies": {
    "react-native-view-slider": {
      "version": "1.1.1",
      "resolved": "https://registry.npmjs.org/react-native-view-slider/-/react-native-view-slider-1.1.1.tgz",
      "integrity": "sha512-T2242jl17cTnYHKaFK0w1SQe7OA386l5IfNNDqK5o0yPWuZWlFLv1qRMAqfsZ9lPSf4hWeO+vvrS/XP1A9ABRA=="
    }
  }
}
